
Microsoft Visual Studio Solution File, Format Version 12.00
# Visual Studio Version 17
VisualStudioVersion = 17.11.35208.52
MinimumVisualStudioVersion = 10.0.40219.1
Project("{FAE04EC0-301F-11D3-BF4B-00C04F79EFBC}") = "Version updater", "Version updater.csproj", "{CC0C7C5C-6315-4825-BD22-0789231D8702}"
EndProject
Global
	GlobalSection(SolutionConfigurationPlatforms) = preSolution
		Debug|Any CPU = Debug|Any CPU
		Release|Any CPU = Release|Any CPU
	EndGlobalSection
	GlobalSection(ProjectConfigurationPlatforms) = postSolution
		{CC0C7C5C-6315-4825-BD22-0789231D8702}.Debug|Any CPU.ActiveCfg = Debug|Any CPU
		{CC0C7C5C-6315-4825-BD22-0789231D8702}.Debug|Any CPU.Build.0 = Debug|Any CPU
		{CC0C7C5C-6315-4825-BD22-0789231D8702}.Release|Any CPU.ActiveCfg = Release|Any CPU
		{CC0C7C5C-6315-4825-BD22-0789231D8702}.Release|Any CPU.Build.0 = Release|Any CPU
	EndGlobalSection
	GlobalSection(SolutionProperties) = preSolution
		HideSolutionNode = FALSE
	EndGlobalSection
	GlobalSection(ExtensibilityGlobals) = postSolution
		SolutionGuid = {5480FB75-2C97-4E92-A3AF-B7F7C74BABD9}
	EndGlobalSection
EndGlobal
